<?xml version="1.0" encoding="utf-8"?>
<Project ToolsVersion="4.0" xmlns="http://schemas.microsoft.com/developer/msbuild/2003">
  <ItemGroup>
    <Filter Include="Source Files">
      <UniqueIdentifier>{4FC737F1-C7A5-4376-A066-2A32D752A2FF}</UniqueIdentifier>
      <Extensions>cpp;c;cc;cxx;c++;def;odl;idl;hpj;bat;asm;asmx</Extensions>
    </Filter>
    <Filter Include="Header Files">
      <UniqueIdentifier>{93995380-89BD-4b04-88EB-625FBE52EBFB}</UniqueIdentifier>
      <Extensions>h;hh;hpp;hxx;h++;hm;inl;inc;ipp;xsd</Extensions>
    </Filter>
    <Filter Include="Resource Files">
      <UniqueIdentifier>{67DA6AB6-F800-4c08-8B7A-83BB121AAD01}</UniqueIdentifier>
      <Extensions>rc;ico;cur;bmp;dlg;rc2;rct;bin;rgs;gif;jpg;jpeg;jpe;resx;tiff;tif;png;wav;mfcribbon-ms</Extensions>
    </Filter>
    <Filter Include="Header Files\Common">
      <UniqueIdentifier>{b30a7e39-5c80-4afd-aeb1-9f47b8ab228c}</UniqueIdentifier>
    </Filter>
    <Filter Include="Source Files\Common">
      <UniqueIdentifier>{73496835-0eea-4836-a5ce-f1f219b97f3f}</UniqueIdentifier>
    </Filter>
    <Filter Include="Header Files\Provider">
      <UniqueIdentifier>{b13cd631-9888-4f81-9117-a49644e43813}</UniqueIdentifier>
    </Filter>
    <Filter Include="Source Files\Provider">
      <UniqueIdentifier>{01d2b380-b73a-4e56-9377-ae8c8adbd756}</UniqueIdentifier>
    </Filter>
    <Filter Include="Header Files\Digest">
      <UniqueIdentifier>{00bb47bc-4aa5-496e-97cb-b432993e8727}</UniqueIdentifier>
    </Filter>
    <Filter Include="Source Files\Digest">
      <UniqueIdentifier>{2647893d-ab0a-4ff6-97d5-65c4e154b3a8}</UniqueIdentifier>
    </Filter>
    <Filter Include="Header Files\Tools">
      <UniqueIdentifier>{514e55ba-014e-474b-b724-ead1e102bf73}</UniqueIdentifier>
    </Filter>
    <Filter Include="Source Files\Tools">
      <UniqueIdentifier>{40852525-b375-4cad-b7bc-95350acf0241}</UniqueIdentifier>
    </Filter>
    <Filter Include="Header Files\Cipher">
      <UniqueIdentifier>{9d4b2df3-25d8-4b7f-a358-967b1714ccc9}</UniqueIdentifier>
    </Filter>
    <Filter Include="Source Files\Cipher">
      <UniqueIdentifier>{0658239c-cc93-4a55-8fcd-9fe653acfbec}</UniqueIdentifier>
    </Filter>
  </ItemGroup>
  <ItemGroup>
    <ClInclude Include="common.h">
      <Filter>Header Files\Common</Filter>
    </ClInclude>
    <ClInclude Include="cpuid.h">
      <Filter>Header Files\Common</Filter>
    </ClInclude>
    <ClInclude Include="intrinsics.h">
      <Filter>Header Files\Common</Filter>
    </ClInclude>
    <ClInclude Include="csp.h">
      <Filter>Header Files\Provider</Filter>
    </ClInclude>
    <ClInclude Include="sha2.h">
      <Filter>Header Files\Digest</Filter>
    </ClInclude>
    <ClInclude Include="sha3.h">
      <Filter>Header Files\Digest</Filter>
    </ClInclude>
    <ClInclude Include="intutils.h">
      <Filter>Header Files\Tools</Filter>
    </ClInclude>
    <ClInclude Include="memutils.h">
      <Filter>Header Files\Tools</Filter>
    </ClInclude>
    <ClInclude Include="rhx.h">
      <Filter>Header Files\Cipher</Filter>
    </ClInclude>
    <ClInclude Include="selftest.h">
      <Filter>Header Files\Common</Filter>
    </ClInclude>
  </ItemGroup>
  <ItemGroup>
    <ClCompile Include="cpuid.c">
      <Filter>Source Files\Common</Filter>
    </ClCompile>
    <ClCompile Include="csp.c">
      <Filter>Source Files\Provider</Filter>
    </ClCompile>
    <ClCompile Include="sha2.c">
      <Filter>Source Files\Digest</Filter>
    </ClCompile>
    <ClCompile Include="sha3.c">
      <Filter>Source Files\Digest</Filter>
    </ClCompile>
    <ClCompile Include="intutils.c">
      <Filter>Source Files\Tools</Filter>
    </ClCompile>
    <ClCompile Include="memutils.c">
      <Filter>Source Files\Tools</Filter>
    </ClCompile>
    <ClCompile Include="rhx.c">
      <Filter>Source Files\Cipher</Filter>
    </ClCompile>
    <ClCompile Include="selftest.c">
      <Filter>Source Files\Common</Filter>
    </ClCompile>
  </ItemGroup>
</Project>