<?xml version="1.0" encoding="utf-8"?>
<Project ToolsVersion="4.0" xmlns="http://schemas.microsoft.com/developer/msbuild/2003">
  <ItemGroup>
    <ClCompile Include="aesavs_test.c">
      <Filter>Source Files\Test</Filter>
    </ClCompile>
    <ClCompile Include="sha2_test.c">
      <Filter>Source Files\Test</Filter>
    </ClCompile>
    <ClCompile Include="sha3_test.c">
      <Filter>Source Files\Test</Filter>
    </ClCompile>
    <ClCompile Include="rhx_main.c">
      <Filter>Source Files\Test</Filter>
    </ClCompile>
    <ClCompile Include="rhx_test.c">
      <Filter>Source Files\Test</Filter>
    </ClCompile>
    <ClCompile Include="cipher_speed.c">
      <Filter>Source Files\Test</Filter>
    </ClCompile>
    <ClCompile Include="selftest.c">
      <Filter>Source Files</Filter>
    </ClCompile>
    <ClCompile Include="rhx.c">
      <Filter>Source Files</Filter>
    </ClCompile>
    <ClCompile Include="testutils.c">
      <Filter>Source Files</Filter>
    </ClCompile>
    <ClCompile Include="utils.c">
      <Filter>Source Files\Support</Filter>
    </ClCompile>
    <ClCompile Include="hash.c">
      <Filter>Source Files\Support</Filter>
    </ClCompile>
  </ItemGroup>
  <ItemGroup>
    <ClInclude Include="aesavs_test.h">
      <Filter>Header Files\Test</Filter>
    </ClInclude>
    <ClInclude Include="sha2_test.h">
      <Filter>Header Files\Test</Filter>
    </ClInclude>
    <ClInclude Include="sha3_test.h">
      <Filter>Header Files\Test</Filter>
    </ClInclude>
    <ClInclude Include="rhx_test.h">
      <Filter>Header Files\Test</Filter>
    </ClInclude>
    <ClInclude Include="cipher_speed.h">
      <Filter>Header Files\Test</Filter>
    </ClInclude>
    <ClInclude Include="common.h">
      <Filter>Header Files</Filter>
    </ClInclude>
    <ClInclude Include="rhx.h">
      <Filter>Header Files</Filter>
    </ClInclude>
    <ClInclude Include="selftest.h">
      <Filter>Header Files</Filter>
    </ClInclude>
    <ClInclude Include="testutils.h">
      <Filter>Header Files</Filter>
    </ClInclude>
    <ClInclude Include="utils.h">
      <Filter>Header Files\Support</Filter>
    </ClInclude>
    <ClInclude Include="hash.h">
      <Filter>Header Files\Support</Filter>
    </ClInclude>
  </ItemGroup>
  <ItemGroup>
    <Filter Include="Header Files">
      <UniqueIdentifier>{5537fa18-3c26-494c-9b03-49f1c91760f0}</UniqueIdentifier>
    </Filter>
    <Filter Include="Source Files">
      <UniqueIdentifier>{f4b99147-8c1b-4512-be15-7a730f640646}</UniqueIdentifier>
    </Filter>
    <Filter Include="Header Files\Test">
      <UniqueIdentifier>{388bc85c-5a16-4fa8-a5b0-c53cc8a090ad}</UniqueIdentifier>
    </Filter>
    <Filter Include="Source Files\Test">
      <UniqueIdentifier>{5777cbd0-a9aa-44d5-83e5-469413363332}</UniqueIdentifier>
    </Filter>
    <Filter Include="Header Files\Support">
      <UniqueIdentifier>{73e5b2bc-0884-4623-9bf6-cbb99dd2cded}</UniqueIdentifier>
    </Filter>
    <Filter Include="Source Files\Support">
      <UniqueIdentifier>{eb609bb3-b71f-4568-9380-a1e6a4492d4c}</UniqueIdentifier>
    </Filter>
  </ItemGroup>
</Project>