<?xml version="1.0" encoding="utf-8"?>
<Project ToolsVersion="4.0" xmlns="http://schemas.microsoft.com/developer/msbuild/2003">
  <ItemGroup>
    <ClCompile Include="aesavs_test.c">
      <Filter>Source Files\Test</Filter>
    </ClCompile>
    <ClCompile Include="sha2_test.c">
      <Filter>Source Files\Test</Filter>
    </ClCompile>
    <ClCompile Include="sha3_test.c">
      <Filter>Source Files\Test</Filter>
    </ClCompile>
    <ClCompile Include="rhx_main.c">
      <Filter>Source Files\Test</Filter>
    </ClCompile>
    <ClCompile Include="rhx_test.c">
      <Filter>Source Files\Test</Filter>
    </ClCompile>
    <ClCompile Include="cipher_speed.c">
      <Filter>Source Files\Test</Filter>
    </ClCompile>
    <ClCompile Include="stringutils.c">
      <Filter>Source Files</Filter>
    </ClCompile>
    <ClCompile Include="sha3.c">
      <Filter>Source Files</Filter>
    </ClCompile>
    <ClCompile Include="sha2.c">
      <Filter>Source Files</Filter>
    </ClCompile>
    <ClCompile Include="selftest.c">
      <Filter>Source Files</Filter>
    </ClCompile>
    <ClCompile Include="rhx.c">
      <Filter>Source Files</Filter>
    </ClCompile>
    <ClCompile Include="memutils.c">
      <Filter>Source Files</Filter>
    </ClCompile>
    <ClCompile Include="intutils.c">
      <Filter>Source Files</Filter>
    </ClCompile>
    <ClCompile Include="csp.c">
      <Filter>Source Files</Filter>
    </ClCompile>
    <ClCompile Include="cpuidex.c">
      <Filter>Source Files</Filter>
    </ClCompile>
    <ClCompile Include="consoleutils.c">
      <Filter>Source Files</Filter>
    </ClCompile>
    <ClCompile Include="fileutils.c">
      <Filter>Source Files</Filter>
    </ClCompile>
    <ClCompile Include="timerex.c">
      <Filter>Source Files</Filter>
    </ClCompile>
    <ClCompile Include="testutils.c">
      <Filter>Source Files</Filter>
    </ClCompile>
  </ItemGroup>
  <ItemGroup>
    <ClInclude Include="aesavs_test.h">
      <Filter>Header Files\Test</Filter>
    </ClInclude>
    <ClInclude Include="sha2_test.h">
      <Filter>Header Files\Test</Filter>
    </ClInclude>
    <ClInclude Include="sha3_test.h">
      <Filter>Header Files\Test</Filter>
    </ClInclude>
    <ClInclude Include="rhx_test.h">
      <Filter>Header Files\Test</Filter>
    </ClInclude>
    <ClInclude Include="cipher_speed.h">
      <Filter>Header Files\Test</Filter>
    </ClInclude>
    <ClInclude Include="common.h">
      <Filter>Header Files</Filter>
    </ClInclude>
    <ClInclude Include="consoleutils.h">
      <Filter>Header Files</Filter>
    </ClInclude>
    <ClInclude Include="cpuidex.h">
      <Filter>Header Files</Filter>
    </ClInclude>
    <ClInclude Include="csp.h">
      <Filter>Header Files</Filter>
    </ClInclude>
    <ClInclude Include="intrinsics.h">
      <Filter>Header Files</Filter>
    </ClInclude>
    <ClInclude Include="intutils.h">
      <Filter>Header Files</Filter>
    </ClInclude>
    <ClInclude Include="memutils.h">
      <Filter>Header Files</Filter>
    </ClInclude>
    <ClInclude Include="rhx.h">
      <Filter>Header Files</Filter>
    </ClInclude>
    <ClInclude Include="selftest.h">
      <Filter>Header Files</Filter>
    </ClInclude>
    <ClInclude Include="sha2.h">
      <Filter>Header Files</Filter>
    </ClInclude>
    <ClInclude Include="sha3.h">
      <Filter>Header Files</Filter>
    </ClInclude>
    <ClInclude Include="stringutils.h">
      <Filter>Header Files</Filter>
    </ClInclude>
    <ClInclude Include="fileutils.h">
      <Filter>Header Files</Filter>
    </ClInclude>
    <ClInclude Include="timerex.h">
      <Filter>Header Files</Filter>
    </ClInclude>
    <ClInclude Include="testutils.h">
      <Filter>Header Files</Filter>
    </ClInclude>
  </ItemGroup>
  <ItemGroup>
    <Filter Include="Header Files">
      <UniqueIdentifier>{5537fa18-3c26-494c-9b03-49f1c91760f0}</UniqueIdentifier>
    </Filter>
    <Filter Include="Source Files">
      <UniqueIdentifier>{f4b99147-8c1b-4512-be15-7a730f640646}</UniqueIdentifier>
    </Filter>
    <Filter Include="Header Files\Test">
      <UniqueIdentifier>{388bc85c-5a16-4fa8-a5b0-c53cc8a090ad}</UniqueIdentifier>
    </Filter>
    <Filter Include="Source Files\Test">
      <UniqueIdentifier>{5777cbd0-a9aa-44d5-83e5-469413363332}</UniqueIdentifier>
    </Filter>
  </ItemGroup>
</Project>